
Microsoft Visual Studio Solution File, Format Version 12.00
# Visual Studio Version 17
VisualStudioVersion = 17.2.32630.192
MinimumVisualStudioVersion = 10.0.40219.1
Project("{FAE04EC0-301F-11D3-BF4B-00C04F79EFBC}") = "Araba_Sinif_Ornegi", "Araba_Sinif_Ornegi\Araba_Sinif_Ornegi.csproj", "{F72287AA-CC0E-4A94-B2C7-43B73326EA29}"
EndProject
Global
	GlobalSection(SolutionConfigurationPlatforms) = preSolution
		Debug|Any CPU = Debug|Any CPU
		Release|Any CPU = Release|Any CPU
	EndGlobalSection
	GlobalSection(ProjectConfigurationPlatforms) = postSolution
		{F72287AA-CC0E-4A94-B2C7-43B73326EA29}.Debug|Any CPU.ActiveCfg = Debug|Any CPU
		{F72287AA-CC0E-4A94-B2C7-43B73326EA29}.Debug|Any CPU.Build.0 = Debug|Any CPU
		{F72287AA-CC0E-4A94-B2C7-43B73326EA29}.Release|Any CPU.ActiveCfg = Release|Any CPU
		{F72287AA-CC0E-4A94-B2C7-43B73326EA29}.Release|Any CPU.Build.0 = Release|Any CPU
	EndGlobalSection
	GlobalSection(SolutionProperties) = preSolution
		HideSolutionNode = FALSE
	EndGlobalSection
	GlobalSection(ExtensibilityGlobals) = postSolution
		SolutionGuid = {5B9BFD76-1DC5-47E2-BAD8-DACFBB645CF5}
	EndGlobalSection
EndGlobal
